
Microsoft Visual Studio Solution File, Format Version 12.00
# Visual Studio 15
VisualStudioVersion = 15.0.27703.2018
MinimumVisualStudioVersion = 10.0.40219.1
Project("{FAE04EC0-301F-11D3-BF4B-00C04F79EFBC}") = "TiposAlertas.Android", "TiposAlertas\TiposAlertas.Android\TiposAlertas.Android.csproj", "{40613298-9B15-44ED-AD02-05C53D41977B}"
EndProject
Project("{FAE04EC0-301F-11D3-BF4B-00C04F79EFBC}") = "TiposAlertas.iOS", "TiposAlertas\TiposAlertas.iOS\TiposAlertas.iOS.csproj", "{09141FB2-9169-4304-9CF2-976CDB184DF6}"
EndProject
Project("{FAE04EC0-301F-11D3-BF4B-00C04F79EFBC}") = "TiposAlertas", "TiposAlertas\TiposAlertas\TiposAlertas.csproj", "{BBEA8FEB-9D55-4E28-9581-6172A866617C}"
EndProject
Global
	GlobalSection(SolutionConfigurationPlatforms) = preSolution
		Ad-Hoc|Any CPU = Ad-Hoc|Any CPU
		Ad-Hoc|iPhone = Ad-Hoc|iPhone
		Ad-Hoc|iPhoneSimulator = Ad-Hoc|iPhoneSimulator
		AppStore|Any CPU = AppStore|Any CPU
		AppStore|iPhone = AppStore|iPhone
		AppStore|iPhoneSimulator = AppStore|iPhoneSimulator
		Debug|Any CPU = Debug|Any CPU
		Debug|iPhone = Debug|iPhone
		Debug|iPhoneSimulator = Debug|iPhoneSimulator
		Release|Any CPU = Release|Any CPU
		Release|iPhone = Release|iPhone
		Release|iPhoneSimulator = Release|iPhoneSimulator
	EndGlobalSection
	GlobalSection(ProjectConfigurationPlatforms) = postSolution
		{40613298-9B15-44ED-AD02-05C53D41977B}.Ad-Hoc|Any CPU.ActiveCfg = Release|Any CPU
		{40613298-9B15-44ED-AD02-05C53D41977B}.Ad-Hoc|Any CPU.Build.0 = Release|Any CPU
		{40613298-9B15-44ED-AD02-05C53D41977B}.Ad-Hoc|Any CPU.Deploy.0 = Release|Any CPU
		{40613298-9B15-44ED-AD02-05C53D41977B}.Ad-Hoc|iPhone.ActiveCfg = Release|Any CPU
		{40613298-9B15-44ED-AD02-05C53D41977B}.Ad-Hoc|iPhone.Build.0 = Release|Any CPU
		{40613298-9B15-44ED-AD02-05C53D41977B}.Ad-Hoc|iPhone.Deploy.0 = Release|Any CPU
		{40613298-9B15-44ED-AD02-05C53D41977B}.Ad-Hoc|iPhoneSimulator.ActiveCfg = Release|Any CPU
		{40613298-9B15-44ED-AD02-05C53D41977B}.Ad-Hoc|iPhoneSimulator.Build.0 = Release|Any CPU
		{40613298-9B15-44ED-AD02-05C53D41977B}.Ad-Hoc|iPhoneSimulator.Deploy.0 = Release|Any CPU
		{40613298-9B15-44ED-AD02-05C53D41977B}.AppStore|Any CPU.ActiveCfg = Release|Any CPU
		{40613298-9B15-44ED-AD02-05C53D41977B}.AppStore|Any CPU.Build.0 = Release|Any CPU
		{40613298-9B15-44ED-AD02-05C53D41977B}.AppStore|Any CPU.Deploy.0 = Release|Any CPU
		{40613298-9B15-44ED-AD02-05C53D41977B}.AppStore|iPhone.ActiveCfg = Release|Any CPU
		{40613298-9B15-44ED-AD02-05C53D41977B}.AppStore|iPhone.Build.0 = Release|Any CPU
		{40613298-9B15-44ED-AD02-05C53D41977B}.AppStore|iPhone.Deploy.0 = Release|Any CPU
		{40613298-9B15-44ED-AD02-05C53D41977B}.AppStore|iPhoneSimulator.ActiveCfg = Release|Any CPU
		{40613298-9B15-44ED-AD02-05C53D41977B}.AppStore|iPhoneSimulator.Build.0 = Release|Any CPU
		{40613298-9B15-44ED-AD02-05C53D41977B}.AppStore|iPhoneSimulator.Deploy.0 = Release|Any CPU
		{40613298-9B15-44ED-AD02-05C53D41977B}.Debug|Any CPU.ActiveCfg = Debug|Any CPU
		{40613298-9B15-44ED-AD02-05C53D41977B}.Debug|Any CPU.Build.0 = Debug|Any CPU
		{40613298-9B15-44ED-AD02-05C53D41977B}.Debug|Any CPU.Deploy.0 = Debug|Any CPU
		{40613298-9B15-44ED-AD02-05C53D41977B}.Debug|iPhone.ActiveCfg = Debug|Any CPU
		{40613298-9B15-44ED-AD02-05C53D41977B}.Debug|iPhone.Build.0 = Debug|Any CPU
		{40613298-9B15-44ED-AD02-05C53D41977B}.Debug|iPhone.Deploy.0 = Debug|Any CPU
		{40613298-9B15-44ED-AD02-05C53D41977B}.Debug|iPhoneSimulator.ActiveCfg = Debug|Any CPU
		{40613298-9B15-44ED-AD02-05C53D41977B}.Debug|iPhoneSimulator.Build.0 = Debug|Any CPU
		{40613298-9B15-44ED-AD02-05C53D41977B}.Debug|iPhoneSimulator.Deploy.0 = Debug|Any CPU
		{40613298-9B15-44ED-AD02-05C53D41977B}.Release|Any CPU.ActiveCfg = Release|Any CPU
		{40613298-9B15-44ED-AD02-05C53D41977B}.Release|Any CPU.Build.0 = Release|Any CPU
		{40613298-9B15-44ED-AD02-05C53D41977B}.Release|Any CPU.Deploy.0 = Release|Any CPU
		{40613298-9B15-44ED-AD02-05C53D41977B}.Release|iPhone.ActiveCfg = Release|Any CPU
		{40613298-9B15-44ED-AD02-05C53D41977B}.Release|iPhone.Build.0 = Release|Any CPU
		{40613298-9B15-44ED-AD02-05C53D41977B}.Release|iPhone.Deploy.0 = Release|Any CPU
		{40613298-9B15-44ED-AD02-05C53D41977B}.Release|iPhoneSimulator.ActiveCfg = Release|Any CPU
		{40613298-9B15-44ED-AD02-05C53D41977B}.Release|iPhoneSimulator.Build.0 = Release|Any CPU
		{40613298-9B15-44ED-AD02-05C53D41977B}.Release|iPhoneSimulator.Deploy.0 = Release|Any CPU
		{09141FB2-9169-4304-9CF2-976CDB184DF6}.Ad-Hoc|Any CPU.ActiveCfg = Ad-Hoc|iPhone
		{09141FB2-9169-4304-9CF2-976CDB184DF6}.Ad-Hoc|Any CPU.Build.0 = Ad-Hoc|iPhone
		{09141FB2-9169-4304-9CF2-976CDB184DF6}.Ad-Hoc|Any CPU.Deploy.0 = Ad-Hoc|iPhone
		{09141FB2-9169-4304-9CF2-976CDB184DF6}.Ad-Hoc|iPhone.ActiveCfg = Ad-Hoc|iPhone
		{09141FB2-9169-4304-9CF2-976CDB184DF6}.Ad-Hoc|iPhone.Build.0 = Ad-Hoc|iPhone
		{09141FB2-9169-4304-9CF2-976CDB184DF6}.Ad-Hoc|iPhone.Deploy.0 = Ad-Hoc|iPhone
		{09141FB2-9169-4304-9CF2-976CDB184DF6}.Ad-Hoc|iPhoneSimulator.ActiveCfg = Ad-Hoc|iPhoneSimulator
		{09141FB2-9169-4304-9CF2-976CDB184DF6}.Ad-Hoc|iPhoneSimulator.Build.0 = Ad-Hoc|iPhoneSimulator
		{09141FB2-9169-4304-9CF2-976CDB184DF6}.Ad-Hoc|iPhoneSimulator.Deploy.0 = Ad-Hoc|iPhoneSimulator
		{09141FB2-9169-4304-9CF2-976CDB184DF6}.AppStore|Any CPU.ActiveCfg = AppStore|iPhone
		{09141FB2-9169-4304-9CF2-976CDB184DF6}.AppStore|Any CPU.Build.0 = AppStore|iPhone
		{09141FB2-9169-4304-9CF2-976CDB184DF6}.AppStore|Any CPU.Deploy.0 = AppStore|iPhone
		{09141FB2-9169-4304-9CF2-976CDB184DF6}.AppStore|iPhone.ActiveCfg = AppStore|iPhone
		{09141FB2-9169-4304-9CF2-976CDB184DF6}.AppStore|iPhone.Build.0 = AppStore|iPhone
		{09141FB2-9169-4304-9CF2-976CDB184DF6}.AppStore|iPhone.Deploy.0 = AppStore|iPhone
		{09141FB2-9169-4304-9CF2-976CDB184DF6}.AppStore|iPhoneSimulator.ActiveCfg = AppStore|iPhoneSimulator
		{09141FB2-9169-4304-9CF2-976CDB184DF6}.AppStore|iPhoneSimulator.Build.0 = AppStore|iPhoneSimulator
		{09141FB2-9169-4304-9CF2-976CDB184DF6}.AppStore|iPhoneSimulator.Deploy.0 = AppStore|iPhoneSimulator
		{09141FB2-9169-4304-9CF2-976CDB184DF6}.Debug|Any CPU.ActiveCfg = Debug|iPhoneSimulator
		{09141FB2-9169-4304-9CF2-976CDB184DF6}.Debug|Any CPU.Build.0 = Debug|iPhoneSimulator
		{09141FB2-9169-4304-9CF2-976CDB184DF6}.Debug|Any CPU.Deploy.0 = Debug|iPhoneSimulator
		{09141FB2-9169-4304-9CF2-976CDB184DF6}.Debug|iPhone.ActiveCfg = Debug|iPhone
		{09141FB2-9169-4304-9CF2-976CDB184DF6}.Debug|iPhone.Build.0 = Debug|iPhone
		{09141FB2-9169-4304-9CF2-976CDB184DF6}.Debug|iPhone.Deploy.0 = Debug|iPhone
		{09141FB2-9169-4304-9CF2-976CDB184DF6}.Debug|iPhoneSimulator.ActiveCfg = Debug|iPhoneSimulator
		{09141FB2-9169-4304-9CF2-976CDB184DF6}.Debug|iPhoneSimulator.Build.0 = Debug|iPhoneSimulator
		{09141FB2-9169-4304-9CF2-976CDB184DF6}.Debug|iPhoneSimulator.Deploy.0 = Debug|iPhoneSimulator
		{09141FB2-9169-4304-9CF2-976CDB184DF6}.Release|Any CPU.ActiveCfg = Release|iPhone
		{09141FB2-9169-4304-9CF2-976CDB184DF6}.Release|Any CPU.Build.0 = Release|iPhone
		{09141FB2-9169-4304-9CF2-976CDB184DF6}.Release|Any CPU.Deploy.0 = Release|iPhone
		{09141FB2-9169-4304-9CF2-976CDB184DF6}.Release|iPhone.ActiveCfg = Release|iPhone
		{09141FB2-9169-4304-9CF2-976CDB184DF6}.Release|iPhone.Build.0 = Release|iPhone
		{09141FB2-9169-4304-9CF2-976CDB184DF6}.Release|iPhone.Deploy.0 = Release|iPhone
		{09141FB2-9169-4304-9CF2-976CDB184DF6}.Release|iPhoneSimulator.ActiveCfg = Release|iPhoneSimulator
		{09141FB2-9169-4304-9CF2-976CDB184DF6}.Release|iPhoneSimulator.Build.0 = Release|iPhoneSimulator
		{09141FB2-9169-4304-9CF2-976CDB184DF6}.Release|iPhoneSimulator.Deploy.0 = Release|iPhoneSimulator
		{BBEA8FEB-9D55-4E28-9581-6172A866617C}.Ad-Hoc|Any CPU.ActiveCfg = Debug|Any CPU
		{BBEA8FEB-9D55-4E28-9581-6172A866617C}.Ad-Hoc|Any CPU.Build.0 = Debug|Any CPU
		{BBEA8FEB-9D55-4E28-9581-6172A866617C}.Ad-Hoc|Any CPU.Deploy.0 = Debug|Any CPU
		{BBEA8FEB-9D55-4E28-9581-6172A866617C}.Ad-Hoc|iPhone.ActiveCfg = Debug|Any CPU
		{BBEA8FEB-9D55-4E28-9581-6172A866617C}.Ad-Hoc|iPhone.Build.0 = Debug|Any CPU
		{BBEA8FEB-9D55-4E28-9581-6172A866617C}.Ad-Hoc|iPhone.Deploy.0 = Debug|Any CPU
		{BBEA8FEB-9D55-4E28-9581-6172A866617C}.Ad-Hoc|iPhoneSimulator.ActiveCfg = Debug|Any CPU
		{BBEA8FEB-9D55-4E28-9581-6172A866617C}.Ad-Hoc|iPhoneSimulator.Build.0 = Debug|Any CPU
		{BBEA8FEB-9D55-4E28-9581-6172A866617C}.Ad-Hoc|iPhoneSimulator.Deploy.0 = Debug|Any CPU
		{BBEA8FEB-9D55-4E28-9581-6172A866617C}.AppStore|Any CPU.ActiveCfg = Debug|Any CPU
		{BBEA8FEB-9D55-4E28-9581-6172A866617C}.AppStore|Any CPU.Build.0 = Debug|Any CPU
		{BBEA8FEB-9D55-4E28-9581-6172A866617C}.AppStore|Any CPU.Deploy.0 = Debug|Any CPU
		{BBEA8FEB-9D55-4E28-9581-6172A866617C}.AppStore|iPhone.ActiveCfg = Debug|Any CPU
		{BBEA8FEB-9D55-4E28-9581-6172A866617C}.AppStore|iPhone.Build.0 = Debug|Any CPU
		{BBEA8FEB-9D55-4E28-9581-6172A866617C}.AppStore|iPhone.Deploy.0 = Debug|Any CPU
		{BBEA8FEB-9D55-4E28-9581-6172A866617C}.AppStore|iPhoneSimulator.ActiveCfg = Debug|Any CPU
		{BBEA8FEB-9D55-4E28-9581-6172A866617C}.AppStore|iPhoneSimulator.Build.0 = Debug|Any CPU
		{BBEA8FEB-9D55-4E28-9581-6172A866617C}.AppStore|iPhoneSimulator.Deploy.0 = Debug|Any CPU
		{BBEA8FEB-9D55-4E28-9581-6172A866617C}.Debug|Any CPU.ActiveCfg = Debug|Any CPU
		{BBEA8FEB-9D55-4E28-9581-6172A866617C}.Debug|Any CPU.Build.0 = Debug|Any CPU
		{BBEA8FEB-9D55-4E28-9581-6172A866617C}.Debug|Any CPU.Deploy.0 = Debug|Any CPU
		{BBEA8FEB-9D55-4E28-9581-6172A866617C}.Debug|iPhone.ActiveCfg = Debug|Any CPU
		{BBEA8FEB-9D55-4E28-9581-6172A866617C}.Debug|iPhone.Build.0 = Debug|Any CPU
		{BBEA8FEB-9D55-4E28-9581-6172A866617C}.Debug|iPhone.Deploy.0 = Debug|Any CPU
		{BBEA8FEB-9D55-4E28-9581-6172A866617C}.Debug|iPhoneSimulator.ActiveCfg = Debug|Any CPU
		{BBEA8FEB-9D55-4E28-9581-6172A866617C}.Debug|iPhoneSimulator.Build.0 = Debug|Any CPU
		{BBEA8FEB-9D55-4E28-9581-6172A866617C}.Debug|iPhoneSimulator.Deploy.0 = Debug|Any CPU
		{BBEA8FEB-9D55-4E28-9581-6172A866617C}.Release|Any CPU.ActiveCfg = Release|Any CPU
		{BBEA8FEB-9D55-4E28-9581-6172A866617C}.Release|Any CPU.Build.0 = Release|Any CPU
		{BBEA8FEB-9D55-4E28-9581-6172A866617C}.Release|Any CPU.Deploy.0 = Release|Any CPU
		{BBEA8FEB-9D55-4E28-9581-6172A866617C}.Release|iPhone.ActiveCfg = Release|Any CPU
		{BBEA8FEB-9D55-4E28-9581-6172A866617C}.Release|iPhone.Build.0 = Release|Any CPU
		{BBEA8FEB-9D55-4E28-9581-6172A866617C}.Release|iPhone.Deploy.0 = Release|Any CPU
		{BBEA8FEB-9D55-4E28-9581-6172A866617C}.Release|iPhoneSimulator.ActiveCfg = Release|Any CPU
		{BBEA8FEB-9D55-4E28-9581-6172A866617C}.Release|iPhoneSimulator.Build.0 = Release|Any CPU
		{BBEA8FEB-9D55-4E28-9581-6172A866617C}.Release|iPhoneSimulator.Deploy.0 = Release|Any CPU
	EndGlobalSection
	GlobalSection(SolutionProperties) = preSolution
		HideSolutionNode = FALSE
	EndGlobalSection
	GlobalSection(ExtensibilityGlobals) = postSolution
		SolutionGuid = {365DB35E-B53B-4DD9-940D-9AEEB5F1E29E}
	EndGlobalSection
EndGlobal
